
Microsoft Visual Studio Solution File, Format Version 12.00
# Visual Studio 15
VisualStudioVersion = 15.0.28010.2041
MinimumVisualStudioVersion = 10.0.40219.1
Project("{9A19103F-16F7-4668-BE54-9A1E7A4F7556}") = "SportsStore.Core", "SportsStore.Core\SportsStore.Core.csproj", "{139880D0-5361-4CC6-9DD3-BB60E4B2DA84}"
EndProject
Project("{9A19103F-16F7-4668-BE54-9A1E7A4F7556}") = "SportsStore.Tests", "SportsStore.Tests\SportsStore.Tests.csproj", "{D16BA9AB-B9CB-4A55-A946-77017A18F54E}"
EndProject
Global
	GlobalSection(SolutionConfigurationPlatforms) = preSolution
		Debug|Any CPU = Debug|Any CPU
		Release|Any CPU = Release|Any CPU
	EndGlobalSection
	GlobalSection(ProjectConfigurationPlatforms) = postSolution
		{139880D0-5361-4CC6-9DD3-BB60E4B2DA84}.Debug|Any CPU.ActiveCfg = Debug|Any CPU
		{139880D0-5361-4CC6-9DD3-BB60E4B2DA84}.Debug|Any CPU.Build.0 = Debug|Any CPU
		{139880D0-5361-4CC6-9DD3-BB60E4B2DA84}.Release|Any CPU.ActiveCfg = Release|Any CPU
		{139880D0-5361-4CC6-9DD3-BB60E4B2DA84}.Release|Any CPU.Build.0 = Release|Any CPU
		{D16BA9AB-B9CB-4A55-A946-77017A18F54E}.Debug|Any CPU.ActiveCfg = Debug|Any CPU
		{D16BA9AB-B9CB-4A55-A946-77017A18F54E}.Debug|Any CPU.Build.0 = Debug|Any CPU
		{D16BA9AB-B9CB-4A55-A946-77017A18F54E}.Release|Any CPU.ActiveCfg = Release|Any CPU
		{D16BA9AB-B9CB-4A55-A946-77017A18F54E}.Release|Any CPU.Build.0 = Release|Any CPU
	EndGlobalSection
	GlobalSection(SolutionProperties) = preSolution
		HideSolutionNode = FALSE
	EndGlobalSection
	GlobalSection(ExtensibilityGlobals) = postSolution
		SolutionGuid = {9C86681B-28C1-4AA8-AF54-211E273B8167}
	EndGlobalSection
EndGlobal
